
Microsoft Visual Studio Solution File, Format Version 12.00
# Visual Studio Version 17
VisualStudioVersion = 17.9.34622.214
MinimumVisualStudioVersion = 10.0.40219.1
Project("{FAE04EC0-301F-11D3-BF4B-00C04F79EFBC}") = "SchoolClassProject", "SchoolClassProject\SchoolClassProject.csproj", "{F7A2E027-29E1-41D9-B8E1-D24AF84AAE4B}"
EndProject
Project("{FAE04EC0-301F-11D3-BF4B-00C04F79EFBC}") = "SchoolClassProjectTests", "SchoolClassProjectTests\SchoolClassProjectTests.csproj", "{15EF3EBD-29F3-4EAC-B11E-D2DAD0B61081}"
EndProject
Global
	GlobalSection(SolutionConfigurationPlatforms) = preSolution
		Debug|Any CPU = Debug|Any CPU
		Release|Any CPU = Release|Any CPU
	EndGlobalSection
	GlobalSection(ProjectConfigurationPlatforms) = postSolution
		{F7A2E027-29E1-41D9-B8E1-D24AF84AAE4B}.Debug|Any CPU.ActiveCfg = Debug|Any CPU
		{F7A2E027-29E1-41D9-B8E1-D24AF84AAE4B}.Debug|Any CPU.Build.0 = Debug|Any CPU
		{F7A2E027-29E1-41D9-B8E1-D24AF84AAE4B}.Release|Any CPU.ActiveCfg = Release|Any CPU
		{F7A2E027-29E1-41D9-B8E1-D24AF84AAE4B}.Release|Any CPU.Build.0 = Release|Any CPU
		{15EF3EBD-29F3-4EAC-B11E-D2DAD0B61081}.Debug|Any CPU.ActiveCfg = Debug|Any CPU
		{15EF3EBD-29F3-4EAC-B11E-D2DAD0B61081}.Debug|Any CPU.Build.0 = Debug|Any CPU
		{15EF3EBD-29F3-4EAC-B11E-D2DAD0B61081}.Release|Any CPU.ActiveCfg = Release|Any CPU
		{15EF3EBD-29F3-4EAC-B11E-D2DAD0B61081}.Release|Any CPU.Build.0 = Release|Any CPU
	EndGlobalSection
	GlobalSection(SolutionProperties) = preSolution
		HideSolutionNode = FALSE
	EndGlobalSection
	GlobalSection(ExtensibilityGlobals) = postSolution
		SolutionGuid = {BED75789-A8B8-4E9A-A3E6-1C51BA66D4AC}
	EndGlobalSection
EndGlobal
